<?xml version="1.0"?>
<Project ToolsVersion="4.0" xmlns="http://schemas.microsoft.com/developer/msbuild/2003">
	<ItemGroup>
		<ClCompile Include="src\ofApp.cpp">
			<Filter>src</Filter>
		</ClCompile>
		<ClCompile Include="src\main.cpp">
			<Filter>src</Filter>
		</ClCompile>
		<ClCompile Include="src\main.cpp">
			<Filter>src</Filter>
		</ClCompile>
		<ClCompile Include="src\ofApp.cpp">
			<Filter>src</Filter>
		</ClCompile>
		<ClCompile Include="..\..\..\ExternalAddons\ofxOpenVRTracker\src\ofxOpenVRDevice.cpp">
			<Filter>local_addons\ofxOpenVRTracker\src</Filter>
		</ClCompile>
		<ClCompile Include="..\..\..\ExternalAddons\ofxOpenVRTracker\src\ofxOpenVRDeviceList.cpp">
			<Filter>local_addons\ofxOpenVRTracker\src</Filter>
		</ClCompile>
		<ClCompile Include="..\..\..\ExternalAddons\ofxOpenVRTracker\src\ofxOpenVRTracker.cpp">
			<Filter>local_addons\ofxOpenVRTracker\src</Filter>
		</ClCompile>
		<ClCompile Include="..\..\..\ExternalAddons\ofxOpenVRTracker\src\ofxOpenVRUtilities.cpp">
			<Filter>local_addons\ofxOpenVRTracker\src</Filter>
		</ClCompile>
		<ClCompile Include="..\..\..\ExternalAddons\ofxOpenVRTracker\libs\OpenVR\src\jsoncpp.cpp">
			<Filter>local_addons\ofxOpenVRTracker\libs\OpenVR\src</Filter>
		</ClCompile>
		<ClCompile Include="..\..\..\ExternalAddons\ofxOpenVRTracker\libs\OpenVR\src\openvr_api_public.cpp">
			<Filter>local_addons\ofxOpenVRTracker\libs\OpenVR\src</Filter>
		</ClCompile>
		<ClCompile Include="..\..\..\ExternalAddons\ofxOpenVRTracker\libs\OpenVR\src\vrcommon\dirtools_public.cpp">
			<Filter>local_addons\ofxOpenVRTracker\libs\OpenVR\src\vrcommon</Filter>
		</ClCompile>
		<ClCompile Include="..\..\..\ExternalAddons\ofxOpenVRTracker\libs\OpenVR\src\vrcommon\envvartools_public.cpp">
			<Filter>local_addons\ofxOpenVRTracker\libs\OpenVR\src\vrcommon</Filter>
		</ClCompile>
		<ClCompile Include="..\..\..\ExternalAddons\ofxOpenVRTracker\libs\OpenVR\src\vrcommon\hmderrors_public.cpp">
			<Filter>local_addons\ofxOpenVRTracker\libs\OpenVR\src\vrcommon</Filter>
		</ClCompile>
		<ClCompile Include="..\..\..\ExternalAddons\ofxOpenVRTracker\libs\OpenVR\src\vrcommon\pathtools_public.cpp">
			<Filter>local_addons\ofxOpenVRTracker\libs\OpenVR\src\vrcommon</Filter>
		</ClCompile>
		<ClCompile Include="..\..\..\ExternalAddons\ofxOpenVRTracker\libs\OpenVR\src\vrcommon\sharedlibtools_public.cpp">
			<Filter>local_addons\ofxOpenVRTracker\libs\OpenVR\src\vrcommon</Filter>
		</ClCompile>
		<ClCompile Include="..\..\..\ExternalAddons\ofxOpenVRTracker\libs\OpenVR\src\vrcommon\strtools_public.cpp">
			<Filter>local_addons\ofxOpenVRTracker\libs\OpenVR\src\vrcommon</Filter>
		</ClCompile>
		<ClCompile Include="..\..\..\ExternalAddons\ofxOpenVRTracker\libs\OpenVR\src\vrcommon\vrpathregistry_public.cpp">
			<Filter>local_addons\ofxOpenVRTracker\libs\OpenVR\src\vrcommon</Filter>
		</ClCompile>
	</ItemGroup>
	<ItemGroup>
		<Filter Include="src">
			<UniqueIdentifier>{d8376475-7454-4a24-b08a-aac121d3ad6f}</UniqueIdentifier>
		</Filter>
		<Filter Include="local_addons">
			<UniqueIdentifier>{DE6745C7-E99D-D8E0-F77D-C032}</UniqueIdentifier>
		</Filter>
		<Filter Include="local_addons\ofxOpenVRTracker">
			<UniqueIdentifier>{6C15F835-D142-A705-253C-2C4E}</UniqueIdentifier>
		</Filter>
		<Filter Include="local_addons\ofxOpenVRTracker\src">
			<UniqueIdentifier>{CCDE2D78-982F-6A51-D5E0-17A9}</UniqueIdentifier>
		</Filter>
		<Filter Include="local_addons\ofxOpenVRTracker\libs">
			<UniqueIdentifier>{81251A0A-D70A-A424-DFA1-1B5C}</UniqueIdentifier>
		</Filter>
		<Filter Include="local_addons\ofxOpenVRTracker\libs\OpenVR">
			<UniqueIdentifier>{D197F02D-9922-30BE-1D6B-F493}</UniqueIdentifier>
		</Filter>
		<Filter Include="local_addons\ofxOpenVRTracker\libs\OpenVR\headers">
			<UniqueIdentifier>{59604678-A7EC-68F0-6B90-4697}</UniqueIdentifier>
		</Filter>
		<Filter Include="local_addons\ofxOpenVRTracker\libs\OpenVR\src">
			<UniqueIdentifier>{BEEBF658-AFAB-57BF-16D6-DD2F}</UniqueIdentifier>
		</Filter>
		<Filter Include="local_addons\ofxOpenVRTracker\libs\OpenVR\src\json">
			<UniqueIdentifier>{0D3CC32F-EF77-CB9D-99E2-1A41}</UniqueIdentifier>
		</Filter>
		<Filter Include="local_addons\ofxOpenVRTracker\libs\OpenVR\src\vrcommon">
			<UniqueIdentifier>{2B105574-82F7-C508-7987-3FB6}</UniqueIdentifier>
		</Filter>
	</ItemGroup>
	<ItemGroup>
		<ClInclude Include="src\ofApp.h">
			<Filter>src</Filter>
		</ClInclude>
		<ClInclude Include="src\ofApp.h">
			<Filter>src</Filter>
		</ClInclude>
		<ClInclude Include="..\..\..\ExternalAddons\ofxOpenVRTracker\src\ofxOpenVRDevice.hpp">
			<Filter>local_addons\ofxOpenVRTracker\src</Filter>
		</ClInclude>
		<ClInclude Include="..\..\..\ExternalAddons\ofxOpenVRTracker\src\ofxOpenVRDeviceList.hpp">
			<Filter>local_addons\ofxOpenVRTracker\src</Filter>
		</ClInclude>
		<ClInclude Include="..\..\..\ExternalAddons\ofxOpenVRTracker\src\ofxOpenVRTracker.h">
			<Filter>local_addons\ofxOpenVRTracker\src</Filter>
		</ClInclude>
		<ClInclude Include="..\..\..\ExternalAddons\ofxOpenVRTracker\src\ofxOpenVRUtilities.hpp">
			<Filter>local_addons\ofxOpenVRTracker\src</Filter>
		</ClInclude>
		<ClInclude Include="..\..\..\ExternalAddons\ofxOpenVRTracker\libs\OpenVR\headers\openvr.h">
			<Filter>local_addons\ofxOpenVRTracker\libs\OpenVR\headers</Filter>
		</ClInclude>
		<ClInclude Include="..\..\..\ExternalAddons\ofxOpenVRTracker\libs\OpenVR\headers\openvr_capi.h">
			<Filter>local_addons\ofxOpenVRTracker\libs\OpenVR\headers</Filter>
		</ClInclude>
		<ClInclude Include="..\..\..\ExternalAddons\ofxOpenVRTracker\libs\OpenVR\headers\openvr_driver.h">
			<Filter>local_addons\ofxOpenVRTracker\libs\OpenVR\headers</Filter>
		</ClInclude>
		<ClInclude Include="..\..\..\ExternalAddons\ofxOpenVRTracker\libs\OpenVR\src\ivrclientcore.h">
			<Filter>local_addons\ofxOpenVRTracker\libs\OpenVR\src</Filter>
		</ClInclude>
		<ClInclude Include="..\..\..\ExternalAddons\ofxOpenVRTracker\libs\OpenVR\src\json\json-forwards.h">
			<Filter>local_addons\ofxOpenVRTracker\libs\OpenVR\src\json</Filter>
		</ClInclude>
		<ClInclude Include="..\..\..\ExternalAddons\ofxOpenVRTracker\libs\OpenVR\src\json\json.h">
			<Filter>local_addons\ofxOpenVRTracker\libs\OpenVR\src\json</Filter>
		</ClInclude>
		<ClInclude Include="..\..\..\ExternalAddons\ofxOpenVRTracker\libs\OpenVR\src\vrcommon\dirtools_public.h">
			<Filter>local_addons\ofxOpenVRTracker\libs\OpenVR\src\vrcommon</Filter>
		</ClInclude>
		<ClInclude Include="..\..\..\ExternalAddons\ofxOpenVRTracker\libs\OpenVR\src\vrcommon\envvartools_public.h">
			<Filter>local_addons\ofxOpenVRTracker\libs\OpenVR\src\vrcommon</Filter>
		</ClInclude>
		<ClInclude Include="..\..\..\ExternalAddons\ofxOpenVRTracker\libs\OpenVR\src\vrcommon\hmderrors_public.h">
			<Filter>local_addons\ofxOpenVRTracker\libs\OpenVR\src\vrcommon</Filter>
		</ClInclude>
		<ClInclude Include="..\..\..\ExternalAddons\ofxOpenVRTracker\libs\OpenVR\src\vrcommon\pathtools_public.h">
			<Filter>local_addons\ofxOpenVRTracker\libs\OpenVR\src\vrcommon</Filter>
		</ClInclude>
		<ClInclude Include="..\..\..\ExternalAddons\ofxOpenVRTracker\libs\OpenVR\src\vrcommon\sharedlibtools_public.h">
			<Filter>local_addons\ofxOpenVRTracker\libs\OpenVR\src\vrcommon</Filter>
		</ClInclude>
		<ClInclude Include="..\..\..\ExternalAddons\ofxOpenVRTracker\libs\OpenVR\src\vrcommon\strtools_public.h">
			<Filter>local_addons\ofxOpenVRTracker\libs\OpenVR\src\vrcommon</Filter>
		</ClInclude>
		<ClInclude Include="..\..\..\ExternalAddons\ofxOpenVRTracker\libs\OpenVR\src\vrcommon\vrpathregistry_public.h">
			<Filter>local_addons\ofxOpenVRTracker\libs\OpenVR\src\vrcommon</Filter>
		</ClInclude>
	</ItemGroup>
	<ItemGroup>
		<ResourceCompile Include="icon.rc" />
	</ItemGroup>
</Project>
